// !$*UTF8*$!
{
	archiveVersion = 1;
	classes = {
	};
	objectVersion = 56;
	objects = {

/* Begin PBXBuildFile section */
		CE02B3BD2C5D876F00602DE0 /* OnboardingView.swift in Sources */ = {isa = PBXBuildFile; fileRef = CE02B3BC2C5D876F00602DE0 /* OnboardingView.swift */; };
		CE11462A2C601A3A005482E2 /* FocusView.swift in Sources */ = {isa = PBXBuildFile; fileRef = CE1146292C601A3A005482E2 /* FocusView.swift */; };
		CE11462C2C601B16005482E2 /* WorkoutCardView.swift in Sources */ = {isa = PBXBuildFile; fileRef = CE11462B2C601B16005482E2 /* WorkoutCardView.swift */; };
		CE1146312C601BE6005482E2 /* WorkoutData.swift in Sources */ = {isa = PBXBuildFile; fileRef = CE1146302C601BE6005482E2 /* WorkoutData.swift */; };
		CE1146342C601DA0005482E2 /* WorkoutViewModel.swift in Sources */ = {isa = PBXBuildFile; fileRef = CE1146332C601DA0005482E2 /* WorkoutViewModel.swift */; };
		CE1146362C601FB9005482E2 /* WorkoutDetaiViewModel.swift in Sources */ = {isa = PBXBuildFile; fileRef = CE1146352C601FB9005482E2 /* WorkoutDetaiViewModel.swift */; };
		CE1146382C602114005482E2 /* ExplanationView.swift in Sources */ = {isa = PBXBuildFile; fileRef = CE1146372C602114005482E2 /* ExplanationView.swift */; };
		CE1146432C6037F7005482E2 /* FirebaseAuth in Frameworks */ = {isa = PBXBuildFile; productRef = CE1146422C6037F7005482E2 /* FirebaseAuth */; };
		CE1146452C6037F7005482E2 /* FirebaseDatabase in Frameworks */ = {isa = PBXBuildFile; productRef = CE1146442C6037F7005482E2 /* FirebaseDatabase */; };
		CE1146472C6037F7005482E2 /* FirebaseDynamicLinks in Frameworks */ = {isa = PBXBuildFile; productRef = CE1146462C6037F7005482E2 /* FirebaseDynamicLinks */; };
		CE1146492C6037F7005482E2 /* FirebaseFirestore in Frameworks */ = {isa = PBXBuildFile; productRef = CE1146482C6037F7005482E2 /* FirebaseFirestore */; };
		CE11464B2C6037F7005482E2 /* FirebaseFirestoreCombine-Community in Frameworks */ = {isa = PBXBuildFile; productRef = CE11464A2C6037F7005482E2 /* FirebaseFirestoreCombine-Community */; };
		CE11464D2C6037F7005482E2 /* FirebaseFunctions in Frameworks */ = {isa = PBXBuildFile; productRef = CE11464C2C6037F7005482E2 /* FirebaseFunctions */; };
		CE11464F2C6037F7005482E2 /* FirebaseFunctionsCombine-Community in Frameworks */ = {isa = PBXBuildFile; productRef = CE11464E2C6037F7005482E2 /* FirebaseFunctionsCombine-Community */; };
		CE1146512C6037F7005482E2 /* FirebaseStorage in Frameworks */ = {isa = PBXBuildFile; productRef = CE1146502C6037F7005482E2 /* FirebaseStorage */; };
		CE1146532C6037F7005482E2 /* FirebaseStorageCombine-Community in Frameworks */ = {isa = PBXBuildFile; productRef = CE1146522C6037F7005482E2 /* FirebaseStorageCombine-Community */; };
		CE1146562C603A46005482E2 /* AuthViewModel.swift in Sources */ = {isa = PBXBuildFile; fileRef = CE1146552C603A46005482E2 /* AuthViewModel.swift */; };
		CE1146572C603B78005482E2 /* GoogleService-Info.plist in Resources */ = {isa = PBXBuildFile; fileRef = CE1146402C603764005482E2 /* GoogleService-Info.plist */; };
		CE3D913E2C7F5A7100ECE726 /* PrivacyView.swift in Sources */ = {isa = PBXBuildFile; fileRef = CE3D913D2C7F5A7100ECE726 /* PrivacyView.swift */; };
		CE3D91432C7F6B0B00ECE726 /* ReportsViewModel.swift in Sources */ = {isa = PBXBuildFile; fileRef = CE3D91422C7F6B0B00ECE726 /* ReportsViewModel.swift */; };
		CE70F79E2C78CFB8004F5067 /* ExercisesData.swift in Sources */ = {isa = PBXBuildFile; fileRef = CE70F79D2C78CFB8004F5067 /* ExercisesData.swift */; };
		CE70F7A02C78D073004F5067 /* ExercisesViewModel.swift in Sources */ = {isa = PBXBuildFile; fileRef = CE70F79F2C78D073004F5067 /* ExercisesViewModel.swift */; };
		CE70F7A32C78D349004F5067 /* ExerciseListView.swift in Sources */ = {isa = PBXBuildFile; fileRef = CE70F7A22C78D349004F5067 /* ExerciseListView.swift */; };
		CE70F7AA2C78E384004F5067 /* GifImageView.swift in Sources */ = {isa = PBXBuildFile; fileRef = CE70F7A92C78E384004F5067 /* GifImageView.swift */; };
		CE73C0D22C5BC4E900E65782 /* FitnessAppApp.swift in Sources */ = {isa = PBXBuildFile; fileRef = CE73C0D12C5BC4E900E65782 /* FitnessAppApp.swift */; };
		CE73C0D42C5BC4E900E65782 /* ContentView.swift in Sources */ = {isa = PBXBuildFile; fileRef = CE73C0D32C5BC4E900E65782 /* ContentView.swift */; };
		CE73C0D62C5BC4EA00E65782 /* Assets.xcassets in Resources */ = {isa = PBXBuildFile; fileRef = CE73C0D52C5BC4EA00E65782 /* Assets.xcassets */; };
		CE73C0D92C5BC4EA00E65782 /* Preview Assets.xcassets in Resources */ = {isa = PBXBuildFile; fileRef = CE73C0D82C5BC4EA00E65782 /* Preview Assets.xcassets */; };
		CE73C0E02C5BC6EC00E65782 /* HomeView.swift in Sources */ = {isa = PBXBuildFile; fileRef = CE73C0DF2C5BC6EC00E65782 /* HomeView.swift */; };
		CE73C0E22C5BC6F700E65782 /* TimeView.swift in Sources */ = {isa = PBXBuildFile; fileRef = CE73C0E12C5BC6F700E65782 /* TimeView.swift */; };
		CE73C0E42C5BC6FC00E65782 /* ProgramView.swift in Sources */ = {isa = PBXBuildFile; fileRef = CE73C0E32C5BC6FC00E65782 /* ProgramView.swift */; };
		CE73C0E62C5BC70600E65782 /* ReportsView.swift in Sources */ = {isa = PBXBuildFile; fileRef = CE73C0E52C5BC70600E65782 /* ReportsView.swift */; };
		CE73C0E82C5BC70D00E65782 /* SettingView.swift in Sources */ = {isa = PBXBuildFile; fileRef = CE73C0E72C5BC70D00E65782 /* SettingView.swift */; };
		CE73C0ED2C5BC81500E65782 /* Color+Extension.swift in Sources */ = {isa = PBXBuildFile; fileRef = CE73C0EC2C5BC81500E65782 /* Color+Extension.swift */; };
		CE73C0EF2C5BD89900E65782 /* WorkoutDetailView.swift in Sources */ = {isa = PBXBuildFile; fileRef = CE73C0EE2C5BD89900E65782 /* WorkoutDetailView.swift */; };
		CE82C4D02C5D0BD600A737F6 /* LoginView.swift in Sources */ = {isa = PBXBuildFile; fileRef = CE82C4CF2C5D0BD600A737F6 /* LoginView.swift */; };
		CE82C4D22C5D0DFE00A737F6 /* RegisterView.swift in Sources */ = {isa = PBXBuildFile; fileRef = CE82C4D12C5D0DFE00A737F6 /* RegisterView.swift */; };
		CE82C4D62C5D20ED00A737F6 /* ForgotPasswordView.swift in Sources */ = {isa = PBXBuildFile; fileRef = CE82C4D52C5D20ED00A737F6 /* ForgotPasswordView.swift */; };
		CE82C4DB2C5D26D000A737F6 /* VerificationView.swift in Sources */ = {isa = PBXBuildFile; fileRef = CE82C4DA2C5D26D000A737F6 /* VerificationView.swift */; };
		CE8A66AB2C7E8FE100CAB0DE /* Workout.json in Resources */ = {isa = PBXBuildFile; fileRef = CE8A66AA2C7E8FE000CAB0DE /* Workout.json */; };
		CEA1C0232C74065C005F4A83 /* WorkoutListView.swift in Sources */ = {isa = PBXBuildFile; fileRef = CEA1C0222C74065C005F4A83 /* WorkoutListView.swift */; };
		CED9ADD12C5C47C00087C0A4 /* ExerciseCardView.swift in Sources */ = {isa = PBXBuildFile; fileRef = CED9ADD02C5C47C00087C0A4 /* ExerciseCardView.swift */; };
		CED9ADD32C5C535B0087C0A4 /* WebWiew.swift in Sources */ = {isa = PBXBuildFile; fileRef = CED9ADD22C5C535B0087C0A4 /* WebWiew.swift */; };
		CEECA91E2C7E84770082902B /* Lottie in Frameworks */ = {isa = PBXBuildFile; productRef = CEECA91D2C7E84770082902B /* Lottie */; };
		CEECA9202C7E87F60082902B /* LottieView.swift in Sources */ = {isa = PBXBuildFile; fileRef = CEECA91F2C7E87F60082902B /* LottieView.swift */; };
		CEECA9242C7E895B0082902B /* ExerciseDetailView.swift in Sources */ = {isa = PBXBuildFile; fileRef = CEECA9232C7E895B0082902B /* ExerciseDetailView.swift */; };
/* End PBXBuildFile section */

/* Begin PBXFileReference section */
		CE02B3BC2C5D876F00602DE0 /* OnboardingView.swift */ = {isa = PBXFileReference; lastKnownFileType = sourcecode.swift; path = OnboardingView.swift; sourceTree = "<group>"; };
		CE1146292C601A3A005482E2 /* FocusView.swift */ = {isa = PBXFileReference; lastKnownFileType = sourcecode.swift; path = FocusView.swift; sourceTree = "<group>"; };
		CE11462B2C601B16005482E2 /* WorkoutCardView.swift */ = {isa = PBXFileReference; lastKnownFileType = sourcecode.swift; path = WorkoutCardView.swift; sourceTree = "<group>"; };
		CE1146302C601BE6005482E2 /* WorkoutData.swift */ = {isa = PBXFileReference; lastKnownFileType = sourcecode.swift; path = WorkoutData.swift; sourceTree = "<group>"; };
		CE1146332C601DA0005482E2 /* WorkoutViewModel.swift */ = {isa = PBXFileReference; lastKnownFileType = sourcecode.swift; path = WorkoutViewModel.swift; sourceTree = "<group>"; };
		CE1146352C601FB9005482E2 /* WorkoutDetaiViewModel.swift */ = {isa = PBXFileReference; lastKnownFileType = sourcecode.swift; path = WorkoutDetaiViewModel.swift; sourceTree = "<group>"; };
		CE1146372C602114005482E2 /* ExplanationView.swift */ = {isa = PBXFileReference; lastKnownFileType = sourcecode.swift; path = ExplanationView.swift; sourceTree = "<group>"; };
		CE1146402C603764005482E2 /* GoogleService-Info.plist */ = {isa = PBXFileReference; lastKnownFileType = text.plist.xml; path = "GoogleService-Info.plist"; sourceTree = "<group>"; };
		CE1146552C603A46005482E2 /* AuthViewModel.swift */ = {isa = PBXFileReference; lastKnownFileType = sourcecode.swift; path = AuthViewModel.swift; sourceTree = "<group>"; };
		CE3D913D2C7F5A7100ECE726 /* PrivacyView.swift */ = {isa = PBXFileReference; lastKnownFileType = sourcecode.swift; path = PrivacyView.swift; sourceTree = "<group>"; };
		CE3D91422C7F6B0B00ECE726 /* ReportsViewModel.swift */ = {isa = PBXFileReference; lastKnownFileType = sourcecode.swift; path = ReportsViewModel.swift; sourceTree = "<group>"; };
		CE70F79D2C78CFB8004F5067 /* ExercisesData.swift */ = {isa = PBXFileReference; lastKnownFileType = sourcecode.swift; path = ExercisesData.swift; sourceTree = "<group>"; };
		CE70F79F2C78D073004F5067 /* ExercisesViewModel.swift */ = {isa = PBXFileReference; lastKnownFileType = sourcecode.swift; path = ExercisesViewModel.swift; sourceTree = "<group>"; };
		CE70F7A22C78D349004F5067 /* ExerciseListView.swift */ = {isa = PBXFileReference; lastKnownFileType = sourcecode.swift; path = ExerciseListView.swift; sourceTree = "<group>"; };
		CE70F7A92C78E384004F5067 /* GifImageView.swift */ = {isa = PBXFileReference; lastKnownFileType = sourcecode.swift; path = GifImageView.swift; sourceTree = "<group>"; };
		CE73C0CE2C5BC4E900E65782 /* FitnessApp.app */ = {isa = PBXFileReference; explicitFileType = wrapper.application; includeInIndex = 0; path = FitnessApp.app; sourceTree = BUILT_PRODUCTS_DIR; };
		CE73C0D12C5BC4E900E65782 /* FitnessAppApp.swift */ = {isa = PBXFileReference; lastKnownFileType = sourcecode.swift; path = FitnessAppApp.swift; sourceTree = "<group>"; };
		CE73C0D32C5BC4E900E65782 /* ContentView.swift */ = {isa = PBXFileReference; lastKnownFileType = sourcecode.swift; path = ContentView.swift; sourceTree = "<group>"; };
		CE73C0D52C5BC4EA00E65782 /* Assets.xcassets */ = {isa = PBXFileReference; lastKnownFileType = folder.assetcatalog; path = Assets.xcassets; sourceTree = "<group>"; };
		CE73C0D82C5BC4EA00E65782 /* Preview Assets.xcassets */ = {isa = PBXFileReference; lastKnownFileType = folder.assetcatalog; path = "Preview Assets.xcassets"; sourceTree = "<group>"; };
		CE73C0DF2C5BC6EC00E65782 /* HomeView.swift */ = {isa = PBXFileReference; lastKnownFileType = sourcecode.swift; path = HomeView.swift; sourceTree = "<group>"; };
		CE73C0E12C5BC6F700E65782 /* TimeView.swift */ = {isa = PBXFileReference; lastKnownFileType = sourcecode.swift; path = TimeView.swift; sourceTree = "<group>"; };
		CE73C0E32C5BC6FC00E65782 /* ProgramView.swift */ = {isa = PBXFileReference; lastKnownFileType = sourcecode.swift; path = ProgramView.swift; sourceTree = "<group>"; };
		CE73C0E52C5BC70600E65782 /* ReportsView.swift */ = {isa = PBXFileReference; lastKnownFileType = sourcecode.swift; path = ReportsView.swift; sourceTree = "<group>"; };
		CE73C0E72C5BC70D00E65782 /* SettingView.swift */ = {isa = PBXFileReference; lastKnownFileType = sourcecode.swift; path = SettingView.swift; sourceTree = "<group>"; };
		CE73C0EC2C5BC81500E65782 /* Color+Extension.swift */ = {isa = PBXFileReference; lastKnownFileType = sourcecode.swift; path = "Color+Extension.swift"; sourceTree = "<group>"; };
		CE73C0EE2C5BD89900E65782 /* WorkoutDetailView.swift */ = {isa = PBXFileReference; lastKnownFileType = sourcecode.swift; path = WorkoutDetailView.swift; sourceTree = "<group>"; };
		CE82C4CF2C5D0BD600A737F6 /* LoginView.swift */ = {isa = PBXFileReference; lastKnownFileType = sourcecode.swift; path = LoginView.swift; sourceTree = "<group>"; };
		CE82C4D12C5D0DFE00A737F6 /* RegisterView.swift */ = {isa = PBXFileReference; lastKnownFileType = sourcecode.swift; path = RegisterView.swift; sourceTree = "<group>"; };
		CE82C4D52C5D20ED00A737F6 /* ForgotPasswordView.swift */ = {isa = PBXFileReference; lastKnownFileType = sourcecode.swift; path = ForgotPasswordView.swift; sourceTree = "<group>"; };
		CE82C4DA2C5D26D000A737F6 /* VerificationView.swift */ = {isa = PBXFileReference; lastKnownFileType = sourcecode.swift; path = VerificationView.swift; sourceTree = "<group>"; };
		CE8A66AA2C7E8FE000CAB0DE /* Workout.json */ = {isa = PBXFileReference; fileEncoding = 4; lastKnownFileType = text.json; name = Workout.json; path = ../../Downloads/Workout.json; sourceTree = "<group>"; };
		CEA1C0222C74065C005F4A83 /* WorkoutListView.swift */ = {isa = PBXFileReference; lastKnownFileType = sourcecode.swift; path = WorkoutListView.swift; sourceTree = "<group>"; };
		CED9ADD02C5C47C00087C0A4 /* ExerciseCardView.swift */ = {isa = PBXFileReference; lastKnownFileType = sourcecode.swift; path = ExerciseCardView.swift; sourceTree = "<group>"; };
		CED9ADD22C5C535B0087C0A4 /* WebWiew.swift */ = {isa = PBXFileReference; lastKnownFileType = sourcecode.swift; path = WebWiew.swift; sourceTree = "<group>"; };
		CEECA91F2C7E87F60082902B /* LottieView.swift */ = {isa = PBXFileReference; lastKnownFileType = sourcecode.swift; path = LottieView.swift; sourceTree = "<group>"; };
		CEECA9232C7E895B0082902B /* ExerciseDetailView.swift */ = {isa = PBXFileReference; lastKnownFileType = sourcecode.swift; path = ExerciseDetailView.swift; sourceTree = "<group>"; };
/* End PBXFileReference section */

/* Begin PBXFrameworksBuildPhase section */
		CE73C0CB2C5BC4E900E65782 /* Frameworks */ = {
			isa = PBXFrameworksBuildPhase;
			buildActionMask = 2147483647;
			files = (
				CE11464F2C6037F7005482E2 /* FirebaseFunctionsCombine-Community in Frameworks */,
				CE1146452C6037F7005482E2 /* FirebaseDatabase in Frameworks */,
				CE1146492C6037F7005482E2 /* FirebaseFirestore in Frameworks */,
				CE1146432C6037F7005482E2 /* FirebaseAuth in Frameworks */,
				CE11464D2C6037F7005482E2 /* FirebaseFunctions in Frameworks */,
				CEECA91E2C7E84770082902B /* Lottie in Frameworks */,
				CE1146512C6037F7005482E2 /* FirebaseStorage in Frameworks */,
				CE11464B2C6037F7005482E2 /* FirebaseFirestoreCombine-Community in Frameworks */,
				CE1146532C6037F7005482E2 /* FirebaseStorageCombine-Community in Frameworks */,
				CE1146472C6037F7005482E2 /* FirebaseDynamicLinks in Frameworks */,
			);
			runOnlyForDeploymentPostprocessing = 0;
		};
/* End PBXFrameworksBuildPhase section */

/* Begin PBXGroup section */
		CE02B3BB2C5D876200602DE0 /* Onboarding */ = {
			isa = PBXGroup;
			children = (
				CE02B3BC2C5D876F00602DE0 /* OnboardingView.swift */,
			);
			path = Onboarding;
			sourceTree = "<group>";
		};
		CE11462D2C601BA8005482E2 /* Models */ = {
			isa = PBXGroup;
			children = (
				CE70F79D2C78CFB8004F5067 /* ExercisesData.swift */,
				CE1146302C601BE6005482E2 /* WorkoutData.swift */,
				CE1146322C601D82005482E2 /* ViewModels */,
			);
			path = Models;
			sourceTree = "<group>";
		};
		CE1146322C601D82005482E2 /* ViewModels */ = {
			isa = PBXGroup;
			children = (
				CE5669862C751C3700FA3D4E /* Network */,
				CE3D91422C7F6B0B00ECE726 /* ReportsViewModel.swift */,
			);
			path = ViewModels;
			sourceTree = "<group>";
		};
		CE1146542C603A24005482E2 /* AuthViewModels */ = {
			isa = PBXGroup;
			children = (
				CE1146552C603A46005482E2 /* AuthViewModel.swift */,
			);
			path = AuthViewModels;
			sourceTree = "<group>";
		};
		CE5669862C751C3700FA3D4E /* Network */ = {
			isa = PBXGroup;
			children = (
				CE1146352C601FB9005482E2 /* WorkoutDetaiViewModel.swift */,
				CE1146332C601DA0005482E2 /* WorkoutViewModel.swift */,
				CE70F79F2C78D073004F5067 /* ExercisesViewModel.swift */,
			);
			path = Network;
			sourceTree = "<group>";
		};
		CE70F7A12C78D305004F5067 /* WorkoutUI */ = {
			isa = PBXGroup;
			children = (
				CE73C0EE2C5BD89900E65782 /* WorkoutDetailView.swift */,
				CE11462B2C601B16005482E2 /* WorkoutCardView.swift */,
				CEA1C0222C74065C005F4A83 /* WorkoutListView.swift */,
			);
			path = WorkoutUI;
			sourceTree = "<group>";
		};
		CE70F7A42C78D365004F5067 /* ExerciseUI */ = {
			isa = PBXGroup;
			children = (
				CEECA9232C7E895B0082902B /* ExerciseDetailView.swift */,
				CE70F7A22C78D349004F5067 /* ExerciseListView.swift */,
				CED9ADD02C5C47C00087C0A4 /* ExerciseCardView.swift */,
			);
			path = ExerciseUI;
			sourceTree = "<group>";
		};
		CE73C0C52C5BC4E900E65782 = {
			isa = PBXGroup;
			children = (
				CE73C0D02C5BC4E900E65782 /* FitnessApp */,
				CE1146402C603764005482E2 /* GoogleService-Info.plist */,
				CE8A66AA2C7E8FE000CAB0DE /* Workout.json */,
				CE73C0CF2C5BC4E900E65782 /* Products */,
			);
			sourceTree = "<group>";
		};
		CE73C0CF2C5BC4E900E65782 /* Products */ = {
			isa = PBXGroup;
			children = (
				CE73C0CE2C5BC4E900E65782 /* FitnessApp.app */,
			);
			name = Products;
			sourceTree = "<group>";
		};
		CE73C0D02C5BC4E900E65782 /* FitnessApp */ = {
			isa = PBXGroup;
			children = (
				CE73C0EB2C5BC7F200E65782 /* Extensions */,
				CE73C0EA2C5BC7EA00E65782 /* Helpers */,
				CE11462D2C601BA8005482E2 /* Models */,
				CE1146542C603A24005482E2 /* AuthViewModels */,
				CE73C0E92C5BC7DA00E65782 /* Views */,
				CE73C0D52C5BC4EA00E65782 /* Assets.xcassets */,
				CE73C0D72C5BC4EA00E65782 /* Preview Content */,
			);
			path = FitnessApp;
			sourceTree = "<group>";
		};
		CE73C0D72C5BC4EA00E65782 /* Preview Content */ = {
			isa = PBXGroup;
			children = (
				CE73C0D82C5BC4EA00E65782 /* Preview Assets.xcassets */,
			);
			path = "Preview Content";
			sourceTree = "<group>";
		};
		CE73C0E92C5BC7DA00E65782 /* Views */ = {
			isa = PBXGroup;
			children = (
				CE02B3BB2C5D876200602DE0 /* Onboarding */,
				CE82C4CE2C5D0BB900A737F6 /* Login+Register+Forgot */,
				CE82C4CC2C5D059E00A737F6 /* TabViews */,
				CE82C4CD2C5D05A800A737F6 /* SubViews */,
			);
			path = Views;
			sourceTree = "<group>";
		};
		CE73C0EA2C5BC7EA00E65782 /* Helpers */ = {
			isa = PBXGroup;
			children = (
				CE73C0D12C5BC4E900E65782 /* FitnessAppApp.swift */,
				CE73C0D32C5BC4E900E65782 /* ContentView.swift */,
				CED9ADD22C5C535B0087C0A4 /* WebWiew.swift */,
				CE70F7A92C78E384004F5067 /* GifImageView.swift */,
				CEECA91F2C7E87F60082902B /* LottieView.swift */,
			);
			path = Helpers;
			sourceTree = "<group>";
		};
		CE73C0EB2C5BC7F200E65782 /* Extensions */ = {
			isa = PBXGroup;
			children = (
				CE73C0EC2C5BC81500E65782 /* Color+Extension.swift */,
			);
			path = Extensions;
			sourceTree = "<group>";
		};
		CE82C4CC2C5D059E00A737F6 /* TabViews */ = {
			isa = PBXGroup;
			children = (
				CE73C0DF2C5BC6EC00E65782 /* HomeView.swift */,
				CE73C0E12C5BC6F700E65782 /* TimeView.swift */,
				CE73C0E52C5BC70600E65782 /* ReportsView.swift */,
				CE73C0E72C5BC70D00E65782 /* SettingView.swift */,
			);
			path = TabViews;
			sourceTree = "<group>";
		};
		CE82C4CD2C5D05A800A737F6 /* SubViews */ = {
			isa = PBXGroup;
			children = (
				CE70F7A42C78D365004F5067 /* ExerciseUI */,
				CE70F7A12C78D305004F5067 /* WorkoutUI */,
				CE73C0E32C5BC6FC00E65782 /* ProgramView.swift */,
				CE1146292C601A3A005482E2 /* FocusView.swift */,
				CE1146372C602114005482E2 /* ExplanationView.swift */,
				CE3D913D2C7F5A7100ECE726 /* PrivacyView.swift */,
			);
			path = SubViews;
			sourceTree = "<group>";
		};
		CE82C4CE2C5D0BB900A737F6 /* Login+Register+Forgot */ = {
			isa = PBXGroup;
			children = (
				CE82C4CF2C5D0BD600A737F6 /* LoginView.swift */,
				CE82C4D12C5D0DFE00A737F6 /* RegisterView.swift */,
				CE82C4D52C5D20ED00A737F6 /* ForgotPasswordView.swift */,
				CE82C4DA2C5D26D000A737F6 /* VerificationView.swift */,
			);
			path = "Login+Register+Forgot";
			sourceTree = "<group>";
		};
/* End PBXGroup section */

/* Begin PBXNativeTarget section */
		CE73C0CD2C5BC4E900E65782 /* FitnessApp */ = {
			isa = PBXNativeTarget;
			buildConfigurationList = CE73C0DC2C5BC4EA00E65782 /* Build configuration list for PBXNativeTarget "FitnessApp" */;
			buildPhases = (
				CE73C0CA2C5BC4E900E65782 /* Sources */,
				CE73C0CB2C5BC4E900E65782 /* Frameworks */,
				CE73C0CC2C5BC4E900E65782 /* Resources */,
			);
			buildRules = (
			);
			dependencies = (
			);
			name = FitnessApp;
			packageProductDependencies = (
				CE1146422C6037F7005482E2 /* FirebaseAuth */,
				CE1146442C6037F7005482E2 /* FirebaseDatabase */,
				CE1146462C6037F7005482E2 /* FirebaseDynamicLinks */,
				CE1146482C6037F7005482E2 /* FirebaseFirestore */,
				CE11464A2C6037F7005482E2 /* FirebaseFirestoreCombine-Community */,
				CE11464C2C6037F7005482E2 /* FirebaseFunctions */,
				CE11464E2C6037F7005482E2 /* FirebaseFunctionsCombine-Community */,
				CE1146502C6037F7005482E2 /* FirebaseStorage */,
				CE1146522C6037F7005482E2 /* FirebaseStorageCombine-Community */,
				CEECA91D2C7E84770082902B /* Lottie */,
			);
			productName = FitnessApp;
			productReference = CE73C0CE2C5BC4E900E65782 /* FitnessApp.app */;
			productType = "com.apple.product-type.application";
		};
/* End PBXNativeTarget section */

/* Begin PBXProject section */
		CE73C0C62C5BC4E900E65782 /* Project object */ = {
			isa = PBXProject;
			attributes = {
				BuildIndependentTargetsInParallel = 1;
				LastSwiftUpdateCheck = 1530;
				LastUpgradeCheck = 1530;
				TargetAttributes = {
					CE73C0CD2C5BC4E900E65782 = {
						CreatedOnToolsVersion = 15.3;
					};
				};
			};
			buildConfigurationList = CE73C0C92C5BC4E900E65782 /* Build configuration list for PBXProject "FitnessApp" */;
			compatibilityVersion = "Xcode 14.0";
			developmentRegion = en;
			hasScannedForEncodings = 0;
			knownRegions = (
				en,
				Base,
			);
			mainGroup = CE73C0C52C5BC4E900E65782;
			packageReferences = (
				CE1146412C6037F7005482E2 /* XCRemoteSwiftPackageReference "firebase-ios-sdk" */,
				CEECA91C2C7E84770082902B /* XCRemoteSwiftPackageReference "lottie-ios" */,
			);
			productRefGroup = CE73C0CF2C5BC4E900E65782 /* Products */;
			projectDirPath = "";
			projectRoot = "";
			targets = (
				CE73C0CD2C5BC4E900E65782 /* FitnessApp */,
			);
		};
/* End PBXProject section */

/* Begin PBXResourcesBuildPhase section */
		CE73C0CC2C5BC4E900E65782 /* Resources */ = {
			isa = PBXResourcesBuildPhase;
			buildActionMask = 2147483647;
			files = (
				CE73C0D92C5BC4EA00E65782 /* Preview Assets.xcassets in Resources */,
				CE8A66AB2C7E8FE100CAB0DE /* Workout.json in Resources */,
				CE73C0D62C5BC4EA00E65782 /* Assets.xcassets in Resources */,
				CE1146572C603B78005482E2 /* GoogleService-Info.plist in Resources */,
			);
			runOnlyForDeploymentPostprocessing = 0;
		};
/* End PBXResourcesBuildPhase section */

/* Begin PBXSourcesBuildPhase section */
		CE73C0CA2C5BC4E900E65782 /* Sources */ = {
			isa = PBXSourcesBuildPhase;
			buildActionMask = 2147483647;
			files = (
				CEECA9202C7E87F60082902B /* LottieView.swift in Sources */,
				CEECA9242C7E895B0082902B /* ExerciseDetailView.swift in Sources */,
				CE70F7A02C78D073004F5067 /* ExercisesViewModel.swift in Sources */,
				CE82C4DB2C5D26D000A737F6 /* VerificationView.swift in Sources */,
				CE73C0E02C5BC6EC00E65782 /* HomeView.swift in Sources */,
				CEA1C0232C74065C005F4A83 /* WorkoutListView.swift in Sources */,
				CE1146342C601DA0005482E2 /* WorkoutViewModel.swift in Sources */,
				CE73C0EF2C5BD89900E65782 /* WorkoutDetailView.swift in Sources */,
				CE82C4D22C5D0DFE00A737F6 /* RegisterView.swift in Sources */,
				CE73C0D42C5BC4E900E65782 /* ContentView.swift in Sources */,
				CE73C0E42C5BC6FC00E65782 /* ProgramView.swift in Sources */,
				CE70F79E2C78CFB8004F5067 /* ExercisesData.swift in Sources */,
				CE3D91432C7F6B0B00ECE726 /* ReportsViewModel.swift in Sources */,
				CED9ADD12C5C47C00087C0A4 /* ExerciseCardView.swift in Sources */,
				CE73C0E22C5BC6F700E65782 /* TimeView.swift in Sources */,
				CE82C4D02C5D0BD600A737F6 /* LoginView.swift in Sources */,
				CE70F7A32C78D349004F5067 /* ExerciseListView.swift in Sources */,
				CE73C0E62C5BC70600E65782 /* ReportsView.swift in Sources */,
				CE1146312C601BE6005482E2 /* WorkoutData.swift in Sources */,
				CE3D913E2C7F5A7100ECE726 /* PrivacyView.swift in Sources */,
				CE73C0E82C5BC70D00E65782 /* SettingView.swift in Sources */,
				CE73C0D22C5BC4E900E65782 /* FitnessAppApp.swift in Sources */,
				CE82C4D62C5D20ED00A737F6 /* ForgotPasswordView.swift in Sources */,
				CE02B3BD2C5D876F00602DE0 /* OnboardingView.swift in Sources */,
				CE1146362C601FB9005482E2 /* WorkoutDetaiViewModel.swift in Sources */,
				CE1146562C603A46005482E2 /* AuthViewModel.swift in Sources */,
				CE11462C2C601B16005482E2 /* WorkoutCardView.swift in Sources */,
				CED9ADD32C5C535B0087C0A4 /* WebWiew.swift in Sources */,
				CE11462A2C601A3A005482E2 /* FocusView.swift in Sources */,
				CE70F7AA2C78E384004F5067 /* GifImageView.swift in Sources */,
				CE1146382C602114005482E2 /* ExplanationView.swift in Sources */,
				CE73C0ED2C5BC81500E65782 /* Color+Extension.swift in Sources */,
			);
			runOnlyForDeploymentPostprocessing = 0;
		};
/* End PBXSourcesBuildPhase section */

/* Begin XCBuildConfiguration section */
		CE73C0DA2C5BC4EA00E65782 /* Debug */ = {
			isa = XCBuildConfiguration;
			buildSettings = {
				ALWAYS_SEARCH_USER_PATHS = NO;
				ASSETCATALOG_COMPILER_GENERATE_SWIFT_ASSET_SYMBOL_EXTENSIONS = YES;
				CLANG_ANALYZER_NONNULL = YES;
				CLANG_ANALYZER_NUMBER_OBJECT_CONVERSION = YES_AGGRESSIVE;
				CLANG_CXX_LANGUAGE_STANDARD = "gnu++20";
				CLANG_ENABLE_MODULES = YES;
				CLANG_ENABLE_OBJC_ARC = YES;
				CLANG_ENABLE_OBJC_WEAK = YES;
				CLANG_WARN_BLOCK_CAPTURE_AUTORELEASING = YES;
				CLANG_WARN_BOOL_CONVERSION = YES;
				CLANG_WARN_COMMA = YES;
				CLANG_WARN_CONSTANT_CONVERSION = YES;
				CLANG_WARN_DEPRECATED_OBJC_IMPLEMENTATIONS = YES;
				CLANG_WARN_DIRECT_OBJC_ISA_USAGE = YES_ERROR;
				CLANG_WARN_DOCUMENTATION_COMMENTS = YES;
				CLANG_WARN_EMPTY_BODY = YES;
				CLANG_WARN_ENUM_CONVERSION = YES;
				CLANG_WARN_INFINITE_RECURSION = YES;
				CLANG_WARN_INT_CONVERSION = YES;
				CLANG_WARN_NON_LITERAL_NULL_CONVERSION = YES;
				CLANG_WARN_OBJC_IMPLICIT_RETAIN_SELF = YES;
				CLANG_WARN_OBJC_LITERAL_CONVERSION = YES;
				CLANG_WARN_OBJC_ROOT_CLASS = YES_ERROR;
				CLANG_WARN_QUOTED_INCLUDE_IN_FRAMEWORK_HEADER = YES;
				CLANG_WARN_RANGE_LOOP_ANALYSIS = YES;
				CLANG_WARN_STRICT_PROTOTYPES = YES;
				CLANG_WARN_SUSPICIOUS_MOVE = YES;
				CLANG_WARN_UNGUARDED_AVAILABILITY = YES_AGGRESSIVE;
				CLANG_WARN_UNREACHABLE_CODE = YES;
				CLANG_WARN__DUPLICATE_METHOD_MATCH = YES;
				COPY_PHASE_STRIP = NO;
				DEBUG_INFORMATION_FORMAT = dwarf;
				ENABLE_STRICT_OBJC_MSGSEND = YES;
				ENABLE_TESTABILITY = YES;
				ENABLE_USER_SCRIPT_SANDBOXING = YES;
				GCC_C_LANGUAGE_STANDARD = gnu17;
				GCC_DYNAMIC_NO_PIC = NO;
				GCC_NO_COMMON_BLOCKS = YES;
				GCC_OPTIMIZATION_LEVEL = 0;
				GCC_PREPROCESSOR_DEFINITIONS = (
					"DEBUG=1",
					"$(inherited)",
				);
				GCC_WARN_64_TO_32_BIT_CONVERSION = YES;
				GCC_WARN_ABOUT_RETURN_TYPE = YES_ERROR;
				GCC_WARN_UNDECLARED_SELECTOR = YES;
				GCC_WARN_UNINITIALIZED_AUTOS = YES_AGGRESSIVE;
				GCC_WARN_UNUSED_FUNCTION = YES;
				GCC_WARN_UNUSED_VARIABLE = YES;
				IPHONEOS_DEPLOYMENT_TARGET = 17.4;
				LOCALIZATION_PREFERS_STRING_CATALOGS = YES;
				MTL_ENABLE_DEBUG_INFO = INCLUDE_SOURCE;
				MTL_FAST_MATH = YES;
				ONLY_ACTIVE_ARCH = YES;
				SDKROOT = iphoneos;
				SWIFT_ACTIVE_COMPILATION_CONDITIONS = "DEBUG $(inherited)";
				SWIFT_OPTIMIZATION_LEVEL = "-Onone";
			};
			name = Debug;
		};
		CE73C0DB2C5BC4EA00E65782 /* Release */ = {
			isa = XCBuildConfiguration;
			buildSettings = {
				ALWAYS_SEARCH_USER_PATHS = NO;
				ASSETCATALOG_COMPILER_GENERATE_SWIFT_ASSET_SYMBOL_EXTENSIONS = YES;
				CLANG_ANALYZER_NONNULL = YES;
				CLANG_ANALYZER_NUMBER_OBJECT_CONVERSION = YES_AGGRESSIVE;
				CLANG_CXX_LANGUAGE_STANDARD = "gnu++20";
				CLANG_ENABLE_MODULES = YES;
				CLANG_ENABLE_OBJC_ARC = YES;
				CLANG_ENABLE_OBJC_WEAK = YES;
				CLANG_WARN_BLOCK_CAPTURE_AUTORELEASING = YES;
				CLANG_WARN_BOOL_CONVERSION = YES;
				CLANG_WARN_COMMA = YES;
				CLANG_WARN_CONSTANT_CONVERSION = YES;
				CLANG_WARN_DEPRECATED_OBJC_IMPLEMENTATIONS = YES;
				CLANG_WARN_DIRECT_OBJC_ISA_USAGE = YES_ERROR;
				CLANG_WARN_DOCUMENTATION_COMMENTS = YES;
				CLANG_WARN_EMPTY_BODY = YES;
				CLANG_WARN_ENUM_CONVERSION = YES;
				CLANG_WARN_INFINITE_RECURSION = YES;
				CLANG_WARN_INT_CONVERSION = YES;
				CLANG_WARN_NON_LITERAL_NULL_CONVERSION = YES;
				CLANG_WARN_OBJC_IMPLICIT_RETAIN_SELF = YES;
				CLANG_WARN_OBJC_LITERAL_CONVERSION = YES;
				CLANG_WARN_OBJC_ROOT_CLASS = YES_ERROR;
				CLANG_WARN_QUOTED_INCLUDE_IN_FRAMEWORK_HEADER = YES;
				CLANG_WARN_RANGE_LOOP_ANALYSIS = YES;
				CLANG_WARN_STRICT_PROTOTYPES = YES;
				CLANG_WARN_SUSPICIOUS_MOVE = YES;
				CLANG_WARN_UNGUARDED_AVAILABILITY = YES_AGGRESSIVE;
				CLANG_WARN_UNREACHABLE_CODE = YES;
				CLANG_WARN__DUPLICATE_METHOD_MATCH = YES;
				COPY_PHASE_STRIP = NO;
				DEBUG_INFORMATION_FORMAT = "dwarf-with-dsym";
				ENABLE_NS_ASSERTIONS = NO;
				ENABLE_STRICT_OBJC_MSGSEND = YES;
				ENABLE_USER_SCRIPT_SANDBOXING = YES;
				GCC_C_LANGUAGE_STANDARD = gnu17;
				GCC_NO_COMMON_BLOCKS = YES;
				GCC_WARN_64_TO_32_BIT_CONVERSION = YES;
				GCC_WARN_ABOUT_RETURN_TYPE = YES_ERROR;
				GCC_WARN_UNDECLARED_SELECTOR = YES;
				GCC_WARN_UNINITIALIZED_AUTOS = YES_AGGRESSIVE;
				GCC_WARN_UNUSED_FUNCTION = YES;
				GCC_WARN_UNUSED_VARIABLE = YES;
				IPHONEOS_DEPLOYMENT_TARGET = 17.4;
				LOCALIZATION_PREFERS_STRING_CATALOGS = YES;
				MTL_ENABLE_DEBUG_INFO = NO;
				MTL_FAST_MATH = YES;
				SDKROOT = iphoneos;
				SWIFT_COMPILATION_MODE = wholemodule;
				VALIDATE_PRODUCT = YES;
			};
			name = Release;
		};
		CE73C0DD2C5BC4EA00E65782 /* Debug */ = {
			isa = XCBuildConfiguration;
			buildSettings = {
				ASSETCATALOG_COMPILER_APPICON_NAME = AppIcon;
				ASSETCATALOG_COMPILER_GLOBAL_ACCENT_COLOR_NAME = AccentColor;
				CODE_SIGN_STYLE = Automatic;
				CURRENT_PROJECT_VERSION = 1;
				DEVELOPMENT_ASSET_PATHS = "\"FitnessApp/Preview Content\"";
				DEVELOPMENT_TEAM = D857Q9QNF5;
				ENABLE_PREVIEWS = YES;
				GENERATE_INFOPLIST_FILE = YES;
				INFOPLIST_KEY_UIApplicationSceneManifest_Generation = YES;
				INFOPLIST_KEY_UIApplicationSupportsIndirectInputEvents = YES;
				INFOPLIST_KEY_UILaunchScreen_Generation = YES;
				INFOPLIST_KEY_UISupportedInterfaceOrientations = UIInterfaceOrientationPortrait;
				INFOPLIST_KEY_UISupportedInterfaceOrientations_iPad = "UIInterfaceOrientationLandscapeLeft UIInterfaceOrientationLandscapeRight UIInterfaceOrientationPortrait UIInterfaceOrientationPortraitUpsideDown";
				IPHONEOS_DEPLOYMENT_TARGET = 16.0;
				LD_RUNPATH_SEARCH_PATHS = (
					"$(inherited)",
					"@executable_path/Frameworks",
				);
				MARKETING_VERSION = 1.0;
				PRODUCT_BUNDLE_IDENTIFIER = com.tarcann.FitnessApp;
				PRODUCT_NAME = "$(TARGET_NAME)";
				SUPPORTED_PLATFORMS = "iphoneos iphonesimulator";
				SUPPORTS_MACCATALYST = NO;
				SUPPORTS_MAC_DESIGNED_FOR_IPHONE_IPAD = NO;
				SUPPORTS_XR_DESIGNED_FOR_IPHONE_IPAD = NO;
				SWIFT_EMIT_LOC_STRINGS = YES;
				SWIFT_VERSION = 5.0;
				TARGETED_DEVICE_FAMILY = 1;
			};
			name = Debug;
		};
		CE73C0DE2C5BC4EA00E65782 /* Release */ = {
			isa = XCBuildConfiguration;
			buildSettings = {
				ASSETCATALOG_COMPILER_APPICON_NAME = AppIcon;
				ASSETCATALOG_COMPILER_GLOBAL_ACCENT_COLOR_NAME = AccentColor;
				CODE_SIGN_STYLE = Automatic;
				CURRENT_PROJECT_VERSION = 1;
				DEVELOPMENT_ASSET_PATHS = "\"FitnessApp/Preview Content\"";
				DEVELOPMENT_TEAM = D857Q9QNF5;
				ENABLE_PREVIEWS = YES;
				GENERATE_INFOPLIST_FILE = YES;
				INFOPLIST_KEY_UIApplicationSceneManifest_Generation = YES;
				INFOPLIST_KEY_UIApplicationSupportsIndirectInputEvents = YES;
				INFOPLIST_KEY_UILaunchScreen_Generation = YES;
				INFOPLIST_KEY_UISupportedInterfaceOrientations = UIInterfaceOrientationPortrait;
				INFOPLIST_KEY_UISupportedInterfaceOrientations_iPad = "UIInterfaceOrientationLandscapeLeft UIInterfaceOrientationLandscapeRight UIInterfaceOrientationPortrait UIInterfaceOrientationPortraitUpsideDown";
				IPHONEOS_DEPLOYMENT_TARGET = 16.0;
				LD_RUNPATH_SEARCH_PATHS = (
					"$(inherited)",
					"@executable_path/Frameworks",
				);
				MARKETING_VERSION = 1.0;
				PRODUCT_BUNDLE_IDENTIFIER = com.tarcann.FitnessApp;
				PRODUCT_NAME = "$(TARGET_NAME)";
				SUPPORTED_PLATFORMS = "iphoneos iphonesimulator";
				SUPPORTS_MACCATALYST = NO;
				SUPPORTS_MAC_DESIGNED_FOR_IPHONE_IPAD = NO;
				SUPPORTS_XR_DESIGNED_FOR_IPHONE_IPAD = NO;
				SWIFT_EMIT_LOC_STRINGS = YES;
				SWIFT_VERSION = 5.0;
				TARGETED_DEVICE_FAMILY = 1;
			};
			name = Release;
		};
/* End XCBuildConfiguration section */

/* Begin XCConfigurationList section */
		CE73C0C92C5BC4E900E65782 /* Build configuration list for PBXProject "FitnessApp" */ = {
			isa = XCConfigurationList;
			buildConfigurations = (
				CE73C0DA2C5BC4EA00E65782 /* Debug */,
				CE73C0DB2C5BC4EA00E65782 /* Release */,
			);
			defaultConfigurationIsVisible = 0;
			defaultConfigurationName = Release;
		};
		CE73C0DC2C5BC4EA00E65782 /* Build configuration list for PBXNativeTarget "FitnessApp" */ = {
			isa = XCConfigurationList;
			buildConfigurations = (
				CE73C0DD2C5BC4EA00E65782 /* Debug */,
				CE73C0DE2C5BC4EA00E65782 /* Release */,
			);
			defaultConfigurationIsVisible = 0;
			defaultConfigurationName = Release;
		};
/* End XCConfigurationList section */

/* Begin XCRemoteSwiftPackageReference section */
		CE1146412C6037F7005482E2 /* XCRemoteSwiftPackageReference "firebase-ios-sdk" */ = {
			isa = XCRemoteSwiftPackageReference;
			repositoryURL = "https://github.com/firebase/firebase-ios-sdk";
			requirement = {
				kind = upToNextMajorVersion;
				minimumVersion = 11.0.0;
			};
		};
		CEECA91C2C7E84770082902B /* XCRemoteSwiftPackageReference "lottie-ios" */ = {
			isa = XCRemoteSwiftPackageReference;
			repositoryURL = "https://github.com/airbnb/lottie-ios.git";
			requirement = {
				kind = upToNextMajorVersion;
				minimumVersion = 4.5.0;
			};
		};
/* End XCRemoteSwiftPackageReference section */

/* Begin XCSwiftPackageProductDependency section */
		CE1146422C6037F7005482E2 /* FirebaseAuth */ = {
			isa = XCSwiftPackageProductDependency;
			package = CE1146412C6037F7005482E2 /* XCRemoteSwiftPackageReference "firebase-ios-sdk" */;
			productName = FirebaseAuth;
		};
		CE1146442C6037F7005482E2 /* FirebaseDatabase */ = {
			isa = XCSwiftPackageProductDependency;
			package = CE1146412C6037F7005482E2 /* XCRemoteSwiftPackageReference "firebase-ios-sdk" */;
			productName = FirebaseDatabase;
		};
		CE1146462C6037F7005482E2 /* FirebaseDynamicLinks */ = {
			isa = XCSwiftPackageProductDependency;
			package = CE1146412C6037F7005482E2 /* XCRemoteSwiftPackageReference "firebase-ios-sdk" */;
			productName = FirebaseDynamicLinks;
		};
		CE1146482C6037F7005482E2 /* FirebaseFirestore */ = {
			isa = XCSwiftPackageProductDependency;
			package = CE1146412C6037F7005482E2 /* XCRemoteSwiftPackageReference "firebase-ios-sdk" */;
			productName = FirebaseFirestore;
		};
		CE11464A2C6037F7005482E2 /* FirebaseFirestoreCombine-Community */ = {
			isa = XCSwiftPackageProductDependency;
			package = CE1146412C6037F7005482E2 /* XCRemoteSwiftPackageReference "firebase-ios-sdk" */;
			productName = "FirebaseFirestoreCombine-Community";
		};
		CE11464C2C6037F7005482E2 /* FirebaseFunctions */ = {
			isa = XCSwiftPackageProductDependency;
			package = CE1146412C6037F7005482E2 /* XCRemoteSwiftPackageReference "firebase-ios-sdk" */;
			productName = FirebaseFunctions;
		};
		CE11464E2C6037F7005482E2 /* FirebaseFunctionsCombine-Community */ = {
			isa = XCSwiftPackageProductDependency;
			package = CE1146412C6037F7005482E2 /* XCRemoteSwiftPackageReference "firebase-ios-sdk" */;
			productName = "FirebaseFunctionsCombine-Community";
		};
		CE1146502C6037F7005482E2 /* FirebaseStorage */ = {
			isa = XCSwiftPackageProductDependency;
			package = CE1146412C6037F7005482E2 /* XCRemoteSwiftPackageReference "firebase-ios-sdk" */;
			productName = FirebaseStorage;
		};
		CE1146522C6037F7005482E2 /* FirebaseStorageCombine-Community */ = {
			isa = XCSwiftPackageProductDependency;
			package = CE1146412C6037F7005482E2 /* XCRemoteSwiftPackageReference "firebase-ios-sdk" */;
			productName = "FirebaseStorageCombine-Community";
		};
		CEECA91D2C7E84770082902B /* Lottie */ = {
			isa = XCSwiftPackageProductDependency;
			package = CEECA91C2C7E84770082902B /* XCRemoteSwiftPackageReference "lottie-ios" */;
			productName = Lottie;
		};
/* End XCSwiftPackageProductDependency section */
	};
	rootObject = CE73C0C62C5BC4E900E65782 /* Project object */;
}
